
Microsoft Visual Studio Solution File, Format Version 12.00
# Visual Studio 15
VisualStudioVersion = 15.0.27130.2010
MinimumVisualStudioVersion = 10.0.40219.1
Project("{FAE04EC0-301F-11D3-BF4B-00C04F79EFBC}") = "COMECHO", "COMECHO\COMECHO.csproj", "{1D680071-00A4-4C38-BC04-AC0ED43CCF89}"
EndProject
Global
	GlobalSection(SolutionConfigurationPlatforms) = preSolution
		Debug|Any CPU = Debug|Any CPU
		Release|Any CPU = Release|Any CPU
	EndGlobalSection
	GlobalSection(ProjectConfigurationPlatforms) = postSolution
		{1D680071-00A4-4C38-BC04-AC0ED43CCF89}.Debug|Any CPU.ActiveCfg = Debug|Any CPU
		{1D680071-00A4-4C38-BC04-AC0ED43CCF89}.Debug|Any CPU.Build.0 = Debug|Any CPU
		{1D680071-00A4-4C38-BC04-AC0ED43CCF89}.Release|Any CPU.ActiveCfg = Release|Any CPU
		{1D680071-00A4-4C38-BC04-AC0ED43CCF89}.Release|Any CPU.Build.0 = Release|Any CPU
	EndGlobalSection
	GlobalSection(SolutionProperties) = preSolution
		HideSolutionNode = FALSE
	EndGlobalSection
	GlobalSection(ExtensibilityGlobals) = postSolution
		SolutionGuid = {3E5C3F24-4219-425B-9B9D-A9A28ABDBDD3}
	EndGlobalSection
EndGlobal
